<?xml version="1.0" encoding="utf-8"?>
<Project ToolsVersion="4.0" xmlns="http://schemas.microsoft.com/developer/msbuild/2003">
  <ItemGroup>
    <Filter Include="log">
      <UniqueIdentifier>{e9e31d0d-cf35-4496-9a47-00d8497e2bac}</UniqueIdentifier>
    </Filter>
    <Filter Include="net">
      <UniqueIdentifier>{07e1d8f6-b463-4363-ad4b-81a3a4a2352e}</UniqueIdentifier>
    </Filter>
    <Filter Include="rpc">
      <UniqueIdentifier>{281c66db-8e2f-49e0-9406-a232f0ebf884}</UniqueIdentifier>
    </Filter>
  </ItemGroup>
  <ItemGroup>
    <ClInclude Include="..\..\log\Logging.h">
      <Filter>log</Filter>
    </ClInclude>
    <ClInclude Include="..\..\log\log_file.h">
      <Filter>log</Filter>
    </ClInclude>
    <ClInclude Include="..\..\net\event_loop.h">
      <Filter>net</Filter>
    </ClInclude>
    <ClInclude Include="..\..\net\inet_address.h">
      <Filter>net</Filter>
    </ClInclude>
    <ClInclude Include="..\..\net\tcp_connection.h">
      <Filter>net</Filter>
    </ClInclude>
    <ClInclude Include="..\..\net\tcp_server.h">
      <Filter>net</Filter>
    </ClInclude>
    <ClInclude Include="..\..\net\buffer.h">
      <Filter>net</Filter>
    </ClInclude>
    <ClInclude Include="..\..\net\acceptor.h">
      <Filter>net</Filter>
    </ClInclude>
    <ClInclude Include="..\..\net\socket.h">
      <Filter>net</Filter>
    </ClInclude>
    <ClInclude Include="..\..\net\iocp_event.h">
      <Filter>net</Filter>
    </ClInclude>
    <ClInclude Include="..\..\net\event.h">
      <Filter>net</Filter>
    </ClInclude>
    <ClInclude Include="..\..\net\callbacks.h">
      <Filter>net</Filter>
    </ClInclude>
    <ClInclude Include="..\..\log\log_syslog.h">
      <Filter>log</Filter>
    </ClInclude>
    <ClInclude Include="..\..\log\log_stdout.h">
      <Filter>log</Filter>
    </ClInclude>
    <ClInclude Include="..\..\net\tcp_client.h">
      <Filter>net</Filter>
    </ClInclude>
    <ClInclude Include="..\..\rpc\rpc.pb.h">
      <Filter>rpc</Filter>
    </ClInclude>
    <ClInclude Include="..\..\rpc\rpc_channel.h">
      <Filter>rpc</Filter>
    </ClInclude>
    <ClInclude Include="..\..\rpc\rpc_client.h">
      <Filter>rpc</Filter>
    </ClInclude>
    <ClInclude Include="..\..\rpc\rpc_codec.h">
      <Filter>rpc</Filter>
    </ClInclude>
    <ClInclude Include="..\..\rpc\rpc_controller.h">
      <Filter>rpc</Filter>
    </ClInclude>
    <ClInclude Include="..\..\rpc\rpc_server.h">
      <Filter>rpc</Filter>
    </ClInclude>
    <ClInclude Include="..\..\rpc\rpc_service.h">
      <Filter>rpc</Filter>
    </ClInclude>
    <ClInclude Include="..\..\rpc\rpc_service_manager.h">
      <Filter>rpc</Filter>
    </ClInclude>
    <ClInclude Include="..\..\rpc\task.h">
      <Filter>rpc</Filter>
    </ClInclude>
    <ClInclude Include="..\..\rpc\task_manager.h">
      <Filter>rpc</Filter>
    </ClInclude>
    <ClInclude Include="..\..\rpc\oneway_dispatcher.h">
      <Filter>rpc</Filter>
    </ClInclude>
    <ClInclude Include="..\..\rpc\common.h">
      <Filter>rpc</Filter>
    </ClInclude>
  </ItemGroup>
  <ItemGroup>
    <ClCompile Include="..\..\log\Logging.cc">
      <Filter>log</Filter>
    </ClCompile>
    <ClCompile Include="..\..\log\log_file.cc">
      <Filter>log</Filter>
    </ClCompile>
    <ClCompile Include="..\..\net\event_loop.cc">
      <Filter>net</Filter>
    </ClCompile>
    <ClCompile Include="..\..\net\tcp_server.cc">
      <Filter>net</Filter>
    </ClCompile>
    <ClCompile Include="..\..\net\acceptor.cc">
      <Filter>net</Filter>
    </ClCompile>
    <ClCompile Include="..\..\net\socket.cc">
      <Filter>net</Filter>
    </ClCompile>
    <ClCompile Include="..\..\net\iocp_event.cc">
      <Filter>net</Filter>
    </ClCompile>
    <ClCompile Include="..\..\net\tcp_connection.cc">
      <Filter>net</Filter>
    </ClCompile>
    <ClCompile Include="..\..\log\log_syslog.cc">
      <Filter>log</Filter>
    </ClCompile>
    <ClCompile Include="..\..\net\tcp_client.cc">
      <Filter>net</Filter>
    </ClCompile>
    <ClCompile Include="..\..\rpc\rpc.pb.cc">
      <Filter>rpc</Filter>
    </ClCompile>
    <ClCompile Include="..\..\rpc\rpc_channel.cc">
      <Filter>rpc</Filter>
    </ClCompile>
    <ClCompile Include="..\..\rpc\rpc_client.cc">
      <Filter>rpc</Filter>
    </ClCompile>
    <ClCompile Include="..\..\rpc\rpc_controller.cc">
      <Filter>rpc</Filter>
    </ClCompile>
    <ClCompile Include="..\..\rpc\rpc_server.cc">
      <Filter>rpc</Filter>
    </ClCompile>
    <ClCompile Include="..\..\rpc\rpc_service.cc">
      <Filter>rpc</Filter>
    </ClCompile>
    <ClCompile Include="..\..\rpc\rpc_service_manager.cc">
      <Filter>rpc</Filter>
    </ClCompile>
    <ClCompile Include="..\..\rpc\task_manager.cc">
      <Filter>rpc</Filter>
    </ClCompile>
  </ItemGroup>
  <ItemGroup>
    <None Include="..\..\rpc\rpc.proto">
      <Filter>rpc</Filter>
    </None>
  </ItemGroup>
</Project>