
Microsoft Visual Studio Solution File, Format Version 11.00
# Visual Studio 2010
Project("{8BC9CEB8-8B4A-11D0-8D11-00A0C91BC942}") = "libthefox", "libthefox\libthefox.vcxproj", "{77DF8D9B-AE9A-41AB-B798-6205096D3029}"
EndProject
Project("{8BC9CEB8-8B4A-11D0-8D11-00A0C91BC942}") = "testRpcServer", "testRpcServer\testRpcServer.vcxproj", "{69D6BBB9-14DB-4635-A5CD-00B2FC968CAC}"
EndProject
Project("{8BC9CEB8-8B4A-11D0-8D11-00A0C91BC942}") = "testRpcClient", "testRpcClient\testRpcClient.vcxproj", "{D16166D7-B504-45A3-9FA7-6348FD3AF0CB}"
EndProject
Project("{8BC9CEB8-8B4A-11D0-8D11-00A0C91BC942}") = "IocpDemo", "IocpDemo\IocpDemo.vcxproj", "{F11C017B-D665-4E5B-942C-4791ECE52DCC}"
EndProject
Project("{8BC9CEB8-8B4A-11D0-8D11-00A0C91BC942}") = "NetClient", "NetClient\NetClient.vcxproj", "{ED5F747A-580C-498D-A86A-29A6EADE83EC}"
EndProject
Global
	GlobalSection(SolutionConfigurationPlatforms) = preSolution
		Debug|Win32 = Debug|Win32
		Release|Win32 = Release|Win32
	EndGlobalSection
	GlobalSection(ProjectConfigurationPlatforms) = postSolution
		{77DF8D9B-AE9A-41AB-B798-6205096D3029}.Debug|Win32.ActiveCfg = Debug|Win32
		{77DF8D9B-AE9A-41AB-B798-6205096D3029}.Debug|Win32.Build.0 = Debug|Win32
		{77DF8D9B-AE9A-41AB-B798-6205096D3029}.Release|Win32.ActiveCfg = Release|Win32
		{77DF8D9B-AE9A-41AB-B798-6205096D3029}.Release|Win32.Build.0 = Release|Win32
		{69D6BBB9-14DB-4635-A5CD-00B2FC968CAC}.Debug|Win32.ActiveCfg = Debug|Win32
		{69D6BBB9-14DB-4635-A5CD-00B2FC968CAC}.Debug|Win32.Build.0 = Debug|Win32
		{69D6BBB9-14DB-4635-A5CD-00B2FC968CAC}.Release|Win32.ActiveCfg = Release|Win32
		{69D6BBB9-14DB-4635-A5CD-00B2FC968CAC}.Release|Win32.Build.0 = Release|Win32
		{D16166D7-B504-45A3-9FA7-6348FD3AF0CB}.Debug|Win32.ActiveCfg = Debug|Win32
		{D16166D7-B504-45A3-9FA7-6348FD3AF0CB}.Debug|Win32.Build.0 = Debug|Win32
		{D16166D7-B504-45A3-9FA7-6348FD3AF0CB}.Release|Win32.ActiveCfg = Release|Win32
		{D16166D7-B504-45A3-9FA7-6348FD3AF0CB}.Release|Win32.Build.0 = Release|Win32
		{F11C017B-D665-4E5B-942C-4791ECE52DCC}.Debug|Win32.ActiveCfg = Debug|Win32
		{F11C017B-D665-4E5B-942C-4791ECE52DCC}.Debug|Win32.Build.0 = Debug|Win32
		{F11C017B-D665-4E5B-942C-4791ECE52DCC}.Release|Win32.ActiveCfg = Release|Win32
		{F11C017B-D665-4E5B-942C-4791ECE52DCC}.Release|Win32.Build.0 = Release|Win32
		{ED5F747A-580C-498D-A86A-29A6EADE83EC}.Debug|Win32.ActiveCfg = Debug|Win32
		{ED5F747A-580C-498D-A86A-29A6EADE83EC}.Debug|Win32.Build.0 = Debug|Win32
		{ED5F747A-580C-498D-A86A-29A6EADE83EC}.Release|Win32.ActiveCfg = Release|Win32
		{ED5F747A-580C-498D-A86A-29A6EADE83EC}.Release|Win32.Build.0 = Release|Win32
	EndGlobalSection
	GlobalSection(SolutionProperties) = preSolution
		HideSolutionNode = FALSE
	EndGlobalSection
EndGlobal
