
Microsoft Visual Studio Solution File, Format Version 11.00
# Visual Studio 2010
Project("{8BC9CEB8-8B4A-11D0-8D11-00A0C91BC942}") = "Net", "Net\Net.vcxproj", "{F37C0E15-B67C-4B17-AB3C-FF90343BD43D}"
EndProject
Project("{8BC9CEB8-8B4A-11D0-8D11-00A0C91BC942}") = "IocpDemo", "IocpDemo\IocpDemo.vcxproj", "{F11C017B-D665-4E5B-942C-4791ECE52DCC}"
	ProjectSection(ProjectDependencies) = postProject
		{F37C0E15-B67C-4B17-AB3C-FF90343BD43D} = {F37C0E15-B67C-4B17-AB3C-FF90343BD43D}
	EndProjectSection
EndProject
Project("{8BC9CEB8-8B4A-11D0-8D11-00A0C91BC942}") = "TimerTest", "TimerTest\TimerTest.vcxproj", "{E64FCC31-4832-4152-A8AF-07AD6C9C08E1}"
EndProject
Global
	GlobalSection(SolutionConfigurationPlatforms) = preSolution
		Debug|Win32 = Debug|Win32
		Release|Win32 = Release|Win32
	EndGlobalSection
	GlobalSection(ProjectConfigurationPlatforms) = postSolution
		{F37C0E15-B67C-4B17-AB3C-FF90343BD43D}.Debug|Win32.ActiveCfg = Debug|Win32
		{F37C0E15-B67C-4B17-AB3C-FF90343BD43D}.Debug|Win32.Build.0 = Debug|Win32
		{F37C0E15-B67C-4B17-AB3C-FF90343BD43D}.Release|Win32.ActiveCfg = Release|Win32
		{F37C0E15-B67C-4B17-AB3C-FF90343BD43D}.Release|Win32.Build.0 = Release|Win32
		{F11C017B-D665-4E5B-942C-4791ECE52DCC}.Debug|Win32.ActiveCfg = Debug|Win32
		{F11C017B-D665-4E5B-942C-4791ECE52DCC}.Debug|Win32.Build.0 = Debug|Win32
		{F11C017B-D665-4E5B-942C-4791ECE52DCC}.Release|Win32.ActiveCfg = Release|Win32
		{F11C017B-D665-4E5B-942C-4791ECE52DCC}.Release|Win32.Build.0 = Release|Win32
		{E64FCC31-4832-4152-A8AF-07AD6C9C08E1}.Debug|Win32.ActiveCfg = Debug|Win32
		{E64FCC31-4832-4152-A8AF-07AD6C9C08E1}.Debug|Win32.Build.0 = Debug|Win32
		{E64FCC31-4832-4152-A8AF-07AD6C9C08E1}.Release|Win32.ActiveCfg = Release|Win32
		{E64FCC31-4832-4152-A8AF-07AD6C9C08E1}.Release|Win32.Build.0 = Release|Win32
	EndGlobalSection
	GlobalSection(SolutionProperties) = preSolution
		HideSolutionNode = FALSE
	EndGlobalSection
EndGlobal
